
Microsoft Visual Studio Solution File, Format Version 12.00
Project("{FAE04EC0-301F-11D3-BF4B-00C04F79EFBC}") = "ImportPluginBase", "ImportPluginBase\ImportPluginBase.csproj", "{D8AF4339-A6C1-4052-AC8B-06850699C2EB}"
EndProject
Project("{FAE04EC0-301F-11D3-BF4B-00C04F79EFBC}") = "ImportPluginBase.Tests", "ImportPluginBase.Tests\ImportPluginBase.Tests.csproj", "{DF277217-36E7-4B0D-85FF-828AC320C333}"
EndProject
Global
	GlobalSection(SolutionConfigurationPlatforms) = preSolution
		Debug|Any CPU = Debug|Any CPU
		Release|Any CPU = Release|Any CPU
	EndGlobalSection
	GlobalSection(ProjectConfigurationPlatforms) = postSolution
		{D8AF4339-A6C1-4052-AC8B-06850699C2EB}.Debug|Any CPU.ActiveCfg = Debug|Any CPU
		{D8AF4339-A6C1-4052-AC8B-06850699C2EB}.Debug|Any CPU.Build.0 = Debug|Any CPU
		{D8AF4339-A6C1-4052-AC8B-06850699C2EB}.Release|Any CPU.ActiveCfg = Release|Any CPU
		{D8AF4339-A6C1-4052-AC8B-06850699C2EB}.Release|Any CPU.Build.0 = Release|Any CPU
		{DF277217-36E7-4B0D-85FF-828AC320C333}.Debug|Any CPU.ActiveCfg = Debug|Any CPU
		{DF277217-36E7-4B0D-85FF-828AC320C333}.Debug|Any CPU.Build.0 = Debug|Any CPU
		{DF277217-36E7-4B0D-85FF-828AC320C333}.Release|Any CPU.ActiveCfg = Release|Any CPU
		{DF277217-36E7-4B0D-85FF-828AC320C333}.Release|Any CPU.Build.0 = Release|Any CPU
	EndGlobalSection
EndGlobal
